
Microsoft Visual Studio Solution File, Format Version 12.00
# Visual Studio Version 16
VisualStudioVersion = 16.0.30011.22
MinimumVisualStudioVersion = 10.0.40219.1
Project("{FAE04EC0-301F-11D3-BF4B-00C04F79EFBC}") = "Eshop", "Eshop\Eshop.csproj", "{B02AE55E-1AFD-4ED5-B876-AC0CBB3ED9FC}"
EndProject
Project("{FAE04EC0-301F-11D3-BF4B-00C04F79EFBC}") = "DataLayer", "DataLayer\DataLayer.csproj", "{E700DC16-BAF6-433C-80F6-945324DDB3F2}"
EndProject
Project("{FAE04EC0-301F-11D3-BF4B-00C04F79EFBC}") = "ViewModels", "ViewModels\ViewModels.csproj", "{EB816C1B-06DD-4CAE-80B8-23C934DC1C5C}"
EndProject
Global
	GlobalSection(SolutionConfigurationPlatforms) = preSolution
		Debug|Any CPU = Debug|Any CPU
		Release|Any CPU = Release|Any CPU
	EndGlobalSection
	GlobalSection(ProjectConfigurationPlatforms) = postSolution
		{B02AE55E-1AFD-4ED5-B876-AC0CBB3ED9FC}.Debug|Any CPU.ActiveCfg = Debug|Any CPU
		{B02AE55E-1AFD-4ED5-B876-AC0CBB3ED9FC}.Debug|Any CPU.Build.0 = Debug|Any CPU
		{B02AE55E-1AFD-4ED5-B876-AC0CBB3ED9FC}.Release|Any CPU.ActiveCfg = Release|Any CPU
		{B02AE55E-1AFD-4ED5-B876-AC0CBB3ED9FC}.Release|Any CPU.Build.0 = Release|Any CPU
		{E700DC16-BAF6-433C-80F6-945324DDB3F2}.Debug|Any CPU.ActiveCfg = Debug|Any CPU
		{E700DC16-BAF6-433C-80F6-945324DDB3F2}.Debug|Any CPU.Build.0 = Debug|Any CPU
		{E700DC16-BAF6-433C-80F6-945324DDB3F2}.Release|Any CPU.ActiveCfg = Release|Any CPU
		{E700DC16-BAF6-433C-80F6-945324DDB3F2}.Release|Any CPU.Build.0 = Release|Any CPU
		{EB816C1B-06DD-4CAE-80B8-23C934DC1C5C}.Debug|Any CPU.ActiveCfg = Debug|Any CPU
		{EB816C1B-06DD-4CAE-80B8-23C934DC1C5C}.Debug|Any CPU.Build.0 = Debug|Any CPU
		{EB816C1B-06DD-4CAE-80B8-23C934DC1C5C}.Release|Any CPU.ActiveCfg = Release|Any CPU
		{EB816C1B-06DD-4CAE-80B8-23C934DC1C5C}.Release|Any CPU.Build.0 = Release|Any CPU
	EndGlobalSection
	GlobalSection(SolutionProperties) = preSolution
		HideSolutionNode = FALSE
	EndGlobalSection
	GlobalSection(ExtensibilityGlobals) = postSolution
		SolutionGuid = {AD015509-8B23-4751-AB82-DF5D4AD588F3}
	EndGlobalSection
EndGlobal
